// !$*UTF8*$!
{
	archiveVersion = 1;
	classes = {
	};
	objectVersion = 56;
	objects = {

/* Begin PBXBuildFile section */
		04042DCA2BB4F5CE0085A9DE /* SanJiBangKaiJianTi.ttf in Sources */ = {isa = PBXBuildFile; fileRef = 04042DC92BB4F4A70085A9DE /* SanJiBangKaiJianTi.ttf */; };
		04042DCC2BB4F6040085A9DE /* SanJiBangKaiJianTi.ttf in Resources */ = {isa = PBXBuildFile; fileRef = 04042DC92BB4F4A70085A9DE /* SanJiBangKaiJianTi.ttf */; };
		04042DCE2BB4F93F0085A9DE /* DynastyVC.swift in Sources */ = {isa = PBXBuildFile; fileRef = 04042DCD2BB4F93F0085A9DE /* DynastyVC.swift */; };
		049820AE2BAA8B9C00E667FF /* AppDelegate.swift in Sources */ = {isa = PBXBuildFile; fileRef = 049820AD2BAA8B9C00E667FF /* AppDelegate.swift */; };
		049820B02BAA8B9C00E667FF /* SceneDelegate.swift in Sources */ = {isa = PBXBuildFile; fileRef = 049820AF2BAA8B9C00E667FF /* SceneDelegate.swift */; };
		049820B22BAA8B9C00E667FF /* HomeTabBarVC.swift in Sources */ = {isa = PBXBuildFile; fileRef = 049820B12BAA8B9C00E667FF /* HomeTabBarVC.swift */; };
		049820B52BAA8B9C00E667FF /* Main.storyboard in Resources */ = {isa = PBXBuildFile; fileRef = 049820B32BAA8B9C00E667FF /* Main.storyboard */; };
		049820B82BAA8B9C00E667FF /* PoeticTime.xcdatamodeld in Sources */ = {isa = PBXBuildFile; fileRef = 049820B62BAA8B9C00E667FF /* PoeticTime.xcdatamodeld */; };
		049820BA2BAA8B9E00E667FF /* Assets.xcassets in Resources */ = {isa = PBXBuildFile; fileRef = 049820B92BAA8B9E00E667FF /* Assets.xcassets */; };
		049820BD2BAA8B9E00E667FF /* LaunchScreen.storyboard in Resources */ = {isa = PBXBuildFile; fileRef = 049820BB2BAA8B9E00E667FF /* LaunchScreen.storyboard */; };
		049820C52BAAB79100E667FF /* StudyVC.swift in Sources */ = {isa = PBXBuildFile; fileRef = 049820C42BAAB79100E667FF /* StudyVC.swift */; };
		049820C72BAAB7A500E667FF /* ScanVC.swift in Sources */ = {isa = PBXBuildFile; fileRef = 049820C62BAAB7A500E667FF /* ScanVC.swift */; };
		049820C92BAAB7F900E667FF /* UserVC.swift in Sources */ = {isa = PBXBuildFile; fileRef = 049820C82BAAB7F900E667FF /* UserVC.swift */; };
		049820CE2BAAC1D000E667FF /* MyImageClassifier.mlmodel in Sources */ = {isa = PBXBuildFile; fileRef = 049820CD2BAAC1D000E667FF /* MyImageClassifier.mlmodel */; };
		04982CB92BAEE2C600E667FF /* PtTabBar.swift in Sources */ = {isa = PBXBuildFile; fileRef = 04982CB82BAEE2C600E667FF /* PtTabBar.swift */; };
		04982CBB2BAEF11A00E667FF /* PtHelper.swift in Sources */ = {isa = PBXBuildFile; fileRef = 04982CBA2BAEF11A00E667FF /* PtHelper.swift */; };
		04982CBE2BAF022A00E667FF /* PtCardDetailLayout.swift in Sources */ = {isa = PBXBuildFile; fileRef = 04982CBD2BAF022A00E667FF /* PtCardDetailLayout.swift */; };
		04982CC02BAF03F900E667FF /* PtCardCollectionViewCell.swift in Sources */ = {isa = PBXBuildFile; fileRef = 04982CBF2BAF03F900E667FF /* PtCardCollectionViewCell.swift */; };
		04982CC42BB009CD00E667FF /* PtDynastyCollectionViewCell.swift in Sources */ = {isa = PBXBuildFile; fileRef = 04982CC32BB009CD00E667FF /* PtDynastyCollectionViewCell.swift */; };
		04982CC62BB01F5E00E667FF /* PtDynastyLayout.swift in Sources */ = {isa = PBXBuildFile; fileRef = 04982CC52BB01F5E00E667FF /* PtDynastyLayout.swift */; };
		04982CC82BB07AF500E667FF /* dynastyData.swift in Sources */ = {isa = PBXBuildFile; fileRef = 04982CC72BB07AF500E667FF /* dynastyData.swift */; };
		7F832B079A236992070EE8F5 /* Pods_PoeticTime.framework in Frameworks */ = {isa = PBXBuildFile; fileRef = 7C8D22F5E73180CD34DCEA11 /* Pods_PoeticTime.framework */; };
/* End PBXBuildFile section */

/* Begin PBXFileReference section */
		04042DC92BB4F4A70085A9DE /* SanJiBangKaiJianTi.ttf */ = {isa = PBXFileReference; lastKnownFileType = file; path = SanJiBangKaiJianTi.ttf; sourceTree = "<group>"; };
		04042DCD2BB4F93F0085A9DE /* DynastyVC.swift */ = {isa = PBXFileReference; lastKnownFileType = sourcecode.swift; path = DynastyVC.swift; sourceTree = "<group>"; };
		049820AA2BAA8B9C00E667FF /* PoeticTime.app */ = {isa = PBXFileReference; explicitFileType = wrapper.application; includeInIndex = 0; path = PoeticTime.app; sourceTree = BUILT_PRODUCTS_DIR; };
		049820AD2BAA8B9C00E667FF /* AppDelegate.swift */ = {isa = PBXFileReference; lastKnownFileType = sourcecode.swift; path = AppDelegate.swift; sourceTree = "<group>"; };
		049820AF2BAA8B9C00E667FF /* SceneDelegate.swift */ = {isa = PBXFileReference; lastKnownFileType = sourcecode.swift; path = SceneDelegate.swift; sourceTree = "<group>"; };
		049820B12BAA8B9C00E667FF /* HomeTabBarVC.swift */ = {isa = PBXFileReference; lastKnownFileType = sourcecode.swift; path = HomeTabBarVC.swift; sourceTree = "<group>"; };
		049820B42BAA8B9C00E667FF /* Base */ = {isa = PBXFileReference; lastKnownFileType = file.storyboard; name = Base; path = Base.lproj/Main.storyboard; sourceTree = "<group>"; };
		049820B72BAA8B9C00E667FF /* PoeticTime.xcdatamodel */ = {isa = PBXFileReference; lastKnownFileType = wrapper.xcdatamodel; path = PoeticTime.xcdatamodel; sourceTree = "<group>"; };
		049820B92BAA8B9E00E667FF /* Assets.xcassets */ = {isa = PBXFileReference; lastKnownFileType = folder.assetcatalog; path = Assets.xcassets; sourceTree = "<group>"; };
		049820BC2BAA8B9E00E667FF /* Base */ = {isa = PBXFileReference; lastKnownFileType = file.storyboard; name = Base; path = Base.lproj/LaunchScreen.storyboard; sourceTree = "<group>"; };
		049820BE2BAA8B9E00E667FF /* Info.plist */ = {isa = PBXFileReference; lastKnownFileType = text.plist.xml; path = Info.plist; sourceTree = "<group>"; };
		049820C42BAAB79100E667FF /* StudyVC.swift */ = {isa = PBXFileReference; lastKnownFileType = sourcecode.swift; path = StudyVC.swift; sourceTree = "<group>"; };
		049820C62BAAB7A500E667FF /* ScanVC.swift */ = {isa = PBXFileReference; lastKnownFileType = sourcecode.swift; path = ScanVC.swift; sourceTree = "<group>"; };
		049820C82BAAB7F900E667FF /* UserVC.swift */ = {isa = PBXFileReference; lastKnownFileType = sourcecode.swift; path = UserVC.swift; sourceTree = "<group>"; };
		049820CD2BAAC1D000E667FF /* MyImageClassifier.mlmodel */ = {isa = PBXFileReference; lastKnownFileType = file.mlmodel; path = MyImageClassifier.mlmodel; sourceTree = "<group>"; };
		04982CB82BAEE2C600E667FF /* PtTabBar.swift */ = {isa = PBXFileReference; lastKnownFileType = sourcecode.swift; path = PtTabBar.swift; sourceTree = "<group>"; };
		04982CBA2BAEF11A00E667FF /* PtHelper.swift */ = {isa = PBXFileReference; lastKnownFileType = sourcecode.swift; path = PtHelper.swift; sourceTree = "<group>"; };
		04982CBD2BAF022A00E667FF /* PtCardDetailLayout.swift */ = {isa = PBXFileReference; lastKnownFileType = sourcecode.swift; path = PtCardDetailLayout.swift; sourceTree = "<group>"; };
		04982CBF2BAF03F900E667FF /* PtCardCollectionViewCell.swift */ = {isa = PBXFileReference; lastKnownFileType = sourcecode.swift; path = PtCardCollectionViewCell.swift; sourceTree = "<group>"; };
		04982CC32BB009CD00E667FF /* PtDynastyCollectionViewCell.swift */ = {isa = PBXFileReference; lastKnownFileType = sourcecode.swift; path = PtDynastyCollectionViewCell.swift; sourceTree = "<group>"; };
		04982CC52BB01F5E00E667FF /* PtDynastyLayout.swift */ = {isa = PBXFileReference; lastKnownFileType = sourcecode.swift; path = PtDynastyLayout.swift; sourceTree = "<group>"; };
		04982CC72BB07AF500E667FF /* dynastyData.swift */ = {isa = PBXFileReference; lastKnownFileType = sourcecode.swift; path = dynastyData.swift; sourceTree = "<group>"; };
		04EEEF122BB15D0B00DFDFAF /* Header.h */ = {isa = PBXFileReference; lastKnownFileType = sourcecode.c.h; path = Header.h; sourceTree = "<group>"; };
		576CF5919F1D8F498260AD24 /* Pods-PoeticTime.debug.xcconfig */ = {isa = PBXFileReference; includeInIndex = 1; lastKnownFileType = text.xcconfig; name = "Pods-PoeticTime.debug.xcconfig"; path = "Target Support Files/Pods-PoeticTime/Pods-PoeticTime.debug.xcconfig"; sourceTree = "<group>"; };
		7C8D22F5E73180CD34DCEA11 /* Pods_PoeticTime.framework */ = {isa = PBXFileReference; explicitFileType = wrapper.framework; includeInIndex = 0; path = Pods_PoeticTime.framework; sourceTree = BUILT_PRODUCTS_DIR; };
		E0B41D80515927CD444C896D /* Pods-PoeticTime.release.xcconfig */ = {isa = PBXFileReference; includeInIndex = 1; lastKnownFileType = text.xcconfig; name = "Pods-PoeticTime.release.xcconfig"; path = "Target Support Files/Pods-PoeticTime/Pods-PoeticTime.release.xcconfig"; sourceTree = "<group>"; };
/* End PBXFileReference section */

/* Begin PBXFrameworksBuildPhase section */
		049820A72BAA8B9C00E667FF /* Frameworks */ = {
			isa = PBXFrameworksBuildPhase;
			buildActionMask = 2147483647;
			files = (
				7F832B079A236992070EE8F5 /* Pods_PoeticTime.framework in Frameworks */,
			);
			runOnlyForDeploymentPostprocessing = 0;
		};
/* End PBXFrameworksBuildPhase section */

/* Begin PBXGroup section */
		049820A12BAA8B9C00E667FF = {
			isa = PBXGroup;
			children = (
				049820AC2BAA8B9C00E667FF /* PoeticTime */,
				049820AB2BAA8B9C00E667FF /* Products */,
				EF70D91F50567E6FA0756D9C /* Pods */,
				539F585F42BA5B0A1303F68D /* Frameworks */,
			);
			sourceTree = "<group>";
		};
		049820AB2BAA8B9C00E667FF /* Products */ = {
			isa = PBXGroup;
			children = (
				049820AA2BAA8B9C00E667FF /* PoeticTime.app */,
			);
			name = Products;
			sourceTree = "<group>";
		};
		049820AC2BAA8B9C00E667FF /* PoeticTime */ = {
			isa = PBXGroup;
			children = (
				049820AD2BAA8B9C00E667FF /* AppDelegate.swift */,
				049820AF2BAA8B9C00E667FF /* SceneDelegate.swift */,
				04982CB72BAEE29D00E667FF /* TabBarVC */,
				049820CA2BAAB80400E667FF /* Study */,
				049820CB2BAAB80F00E667FF /* Scan */,
				049820CC2BAAB81600E667FF /* User */,
				04982CBC2BAEF12200E667FF /* Helper */,
				04EEEF122BB15D0B00DFDFAF /* Header.h */,
				049820CF2BAAC1D300E667FF /* Resources */,
				049820B32BAA8B9C00E667FF /* Main.storyboard */,
				049820B92BAA8B9E00E667FF /* Assets.xcassets */,
				049820BB2BAA8B9E00E667FF /* LaunchScreen.storyboard */,
				049820BE2BAA8B9E00E667FF /* Info.plist */,
				049820B62BAA8B9C00E667FF /* PoeticTime.xcdatamodeld */,
			);
			path = PoeticTime;
			sourceTree = "<group>";
		};
		049820CA2BAAB80400E667FF /* Study */ = {
			isa = PBXGroup;
			children = (
				049820C42BAAB79100E667FF /* StudyVC.swift */,
				04042DCD2BB4F93F0085A9DE /* DynastyVC.swift */,
				04982CC92BB07AFA00E667FF /* Data */,
				04982CC12BAF040100E667FF /* Cell */,
				04982CC22BAF040B00E667FF /* Layout */,
			);
			name = Study;
			sourceTree = "<group>";
		};
		049820CB2BAAB80F00E667FF /* Scan */ = {
			isa = PBXGroup;
			children = (
				049820C62BAAB7A500E667FF /* ScanVC.swift */,
			);
			name = Scan;
			sourceTree = "<group>";
		};
		049820CC2BAAB81600E667FF /* User */ = {
			isa = PBXGroup;
			children = (
				049820C82BAAB7F900E667FF /* UserVC.swift */,
			);
			name = User;
			sourceTree = "<group>";
		};
		049820CF2BAAC1D300E667FF /* Resources */ = {
			isa = PBXGroup;
			children = (
				049820CD2BAAC1D000E667FF /* MyImageClassifier.mlmodel */,
				04042DC92BB4F4A70085A9DE /* SanJiBangKaiJianTi.ttf */,
			);
			name = Resources;
			sourceTree = "<group>";
		};
		04982CB72BAEE29D00E667FF /* TabBarVC */ = {
			isa = PBXGroup;
			children = (
				049820B12BAA8B9C00E667FF /* HomeTabBarVC.swift */,
				04982CB82BAEE2C600E667FF /* PtTabBar.swift */,
			);
			name = TabBarVC;
			sourceTree = "<group>";
		};
		04982CBC2BAEF12200E667FF /* Helper */ = {
			isa = PBXGroup;
			children = (
				04982CBA2BAEF11A00E667FF /* PtHelper.swift */,
			);
			name = Helper;
			sourceTree = "<group>";
		};
		04982CC12BAF040100E667FF /* Cell */ = {
			isa = PBXGroup;
			children = (
				04982CBF2BAF03F900E667FF /* PtCardCollectionViewCell.swift */,
				04982CC32BB009CD00E667FF /* PtDynastyCollectionViewCell.swift */,
			);
			name = Cell;
			sourceTree = "<group>";
		};
		04982CC22BAF040B00E667FF /* Layout */ = {
			isa = PBXGroup;
			children = (
				04982CBD2BAF022A00E667FF /* PtCardDetailLayout.swift */,
				04982CC52BB01F5E00E667FF /* PtDynastyLayout.swift */,
			);
			name = Layout;
			sourceTree = "<group>";
		};
		04982CC92BB07AFA00E667FF /* Data */ = {
			isa = PBXGroup;
			children = (
				04982CC72BB07AF500E667FF /* dynastyData.swift */,
			);
			name = Data;
			sourceTree = "<group>";
		};
		539F585F42BA5B0A1303F68D /* Frameworks */ = {
			isa = PBXGroup;
			children = (
				7C8D22F5E73180CD34DCEA11 /* Pods_PoeticTime.framework */,
			);
			name = Frameworks;
			sourceTree = "<group>";
		};
		EF70D91F50567E6FA0756D9C /* Pods */ = {
			isa = PBXGroup;
			children = (
				576CF5919F1D8F498260AD24 /* Pods-PoeticTime.debug.xcconfig */,
				E0B41D80515927CD444C896D /* Pods-PoeticTime.release.xcconfig */,
			);
			path = Pods;
			sourceTree = "<group>";
		};
/* End PBXGroup section */

/* Begin PBXNativeTarget section */
		049820A92BAA8B9C00E667FF /* PoeticTime */ = {
			isa = PBXNativeTarget;
			buildConfigurationList = 049820C12BAA8B9E00E667FF /* Build configuration list for PBXNativeTarget "PoeticTime" */;
			buildPhases = (
				11C17E40135AFDDDBA372E70 /* [CP] Check Pods Manifest.lock */,
				049820A62BAA8B9C00E667FF /* Sources */,
				049820A72BAA8B9C00E667FF /* Frameworks */,
				049820A82BAA8B9C00E667FF /* Resources */,
				6E657C44A88352E668C7CD6A /* [CP] Embed Pods Frameworks */,
			);
			buildRules = (
			);
			dependencies = (
			);
			name = PoeticTime;
			productName = PoeticTime;
			productReference = 049820AA2BAA8B9C00E667FF /* PoeticTime.app */;
			productType = "com.apple.product-type.application";
		};
/* End PBXNativeTarget section */

/* Begin PBXProject section */
		049820A22BAA8B9C00E667FF /* Project object */ = {
			isa = PBXProject;
			attributes = {
				BuildIndependentTargetsInParallel = 1;
				LastSwiftUpdateCheck = 1420;
				LastUpgradeCheck = 1420;
				TargetAttributes = {
					049820A92BAA8B9C00E667FF = {
						CreatedOnToolsVersion = 14.2;
					};
				};
			};
			buildConfigurationList = 049820A52BAA8B9C00E667FF /* Build configuration list for PBXProject "PoeticTime" */;
			compatibilityVersion = "Xcode 14.0";
			developmentRegion = en;
			hasScannedForEncodings = 0;
			knownRegions = (
				en,
				Base,
			);
			mainGroup = 049820A12BAA8B9C00E667FF;
			productRefGroup = 049820AB2BAA8B9C00E667FF /* Products */;
			projectDirPath = "";
			projectRoot = "";
			targets = (
				049820A92BAA8B9C00E667FF /* PoeticTime */,
			);
		};
/* End PBXProject section */

/* Begin PBXResourcesBuildPhase section */
		049820A82BAA8B9C00E667FF /* Resources */ = {
			isa = PBXResourcesBuildPhase;
			buildActionMask = 2147483647;
			files = (
				04042DCC2BB4F6040085A9DE /* SanJiBangKaiJianTi.ttf in Resources */,
				049820BD2BAA8B9E00E667FF /* LaunchScreen.storyboard in Resources */,
				049820BA2BAA8B9E00E667FF /* Assets.xcassets in Resources */,
				049820B52BAA8B9C00E667FF /* Main.storyboard in Resources */,
			);
			runOnlyForDeploymentPostprocessing = 0;
		};
/* End PBXResourcesBuildPhase section */

/* Begin PBXShellScriptBuildPhase section */
		11C17E40135AFDDDBA372E70 /* [CP] Check Pods Manifest.lock */ = {
			isa = PBXShellScriptBuildPhase;
			buildActionMask = 2147483647;
			files = (
			);
			inputFileListPaths = (
			);
			inputPaths = (
				"${PODS_PODFILE_DIR_PATH}/Podfile.lock",
				"${PODS_ROOT}/Manifest.lock",
			);
			name = "[CP] Check Pods Manifest.lock";
			outputFileListPaths = (
			);
			outputPaths = (
				"$(DERIVED_FILE_DIR)/Pods-PoeticTime-checkManifestLockResult.txt",
			);
			runOnlyForDeploymentPostprocessing = 0;
			shellPath = /bin/sh;
			shellScript = "diff \"${PODS_PODFILE_DIR_PATH}/Podfile.lock\" \"${PODS_ROOT}/Manifest.lock\" > /dev/null\nif [ $? != 0 ] ; then\n    # print error to STDERR\n    echo \"error: The sandbox is not in sync with the Podfile.lock. Run 'pod install' or update your CocoaPods installation.\" >&2\n    exit 1\nfi\n# This output is used by Xcode 'outputs' to avoid re-running this script phase.\necho \"SUCCESS\" > \"${SCRIPT_OUTPUT_FILE_0}\"\n";
			showEnvVarsInLog = 0;
		};
		6E657C44A88352E668C7CD6A /* [CP] Embed Pods Frameworks */ = {
			isa = PBXShellScriptBuildPhase;
			buildActionMask = 2147483647;
			files = (
			);
			inputFileListPaths = (
				"${PODS_ROOT}/Target Support Files/Pods-PoeticTime/Pods-PoeticTime-frameworks-${CONFIGURATION}-input-files.xcfilelist",
			);
			name = "[CP] Embed Pods Frameworks";
			outputFileListPaths = (
				"${PODS_ROOT}/Target Support Files/Pods-PoeticTime/Pods-PoeticTime-frameworks-${CONFIGURATION}-output-files.xcfilelist",
			);
			runOnlyForDeploymentPostprocessing = 0;
			shellPath = /bin/sh;
			shellScript = "\"${PODS_ROOT}/Target Support Files/Pods-PoeticTime/Pods-PoeticTime-frameworks.sh\"\n";
			showEnvVarsInLog = 0;
		};
/* End PBXShellScriptBuildPhase section */

/* Begin PBXSourcesBuildPhase section */
		049820A62BAA8B9C00E667FF /* Sources */ = {
			isa = PBXSourcesBuildPhase;
			buildActionMask = 2147483647;
			files = (
				04042DCA2BB4F5CE0085A9DE /* SanJiBangKaiJianTi.ttf in Sources */,
				049820C92BAAB7F900E667FF /* UserVC.swift in Sources */,
				04982CBE2BAF022A00E667FF /* PtCardDetailLayout.swift in Sources */,
				04982CC02BAF03F900E667FF /* PtCardCollectionViewCell.swift in Sources */,
				04982CBB2BAEF11A00E667FF /* PtHelper.swift in Sources */,
				04042DCE2BB4F93F0085A9DE /* DynastyVC.swift in Sources */,
				049820B22BAA8B9C00E667FF /* HomeTabBarVC.swift in Sources */,
				049820AE2BAA8B9C00E667FF /* AppDelegate.swift in Sources */,
				049820B82BAA8B9C00E667FF /* PoeticTime.xcdatamodeld in Sources */,
				04982CB92BAEE2C600E667FF /* PtTabBar.swift in Sources */,
				049820B02BAA8B9C00E667FF /* SceneDelegate.swift in Sources */,
				049820C52BAAB79100E667FF /* StudyVC.swift in Sources */,
				04982CC62BB01F5E00E667FF /* PtDynastyLayout.swift in Sources */,
				049820C72BAAB7A500E667FF /* ScanVC.swift in Sources */,
				04982CC82BB07AF500E667FF /* dynastyData.swift in Sources */,
				04982CC42BB009CD00E667FF /* PtDynastyCollectionViewCell.swift in Sources */,
				049820CE2BAAC1D000E667FF /* MyImageClassifier.mlmodel in Sources */,
			);
			runOnlyForDeploymentPostprocessing = 0;
		};
/* End PBXSourcesBuildPhase section */

/* Begin PBXVariantGroup section */
		049820B32BAA8B9C00E667FF /* Main.storyboard */ = {
			isa = PBXVariantGroup;
			children = (
				049820B42BAA8B9C00E667FF /* Base */,
			);
			name = Main.storyboard;
			sourceTree = "<group>";
		};
		049820BB2BAA8B9E00E667FF /* LaunchScreen.storyboard */ = {
			isa = PBXVariantGroup;
			children = (
				049820BC2BAA8B9E00E667FF /* Base */,
			);
			name = LaunchScreen.storyboard;
			sourceTree = "<group>";
		};
/* End PBXVariantGroup section */

/* Begin XCBuildConfiguration section */
		049820BF2BAA8B9E00E667FF /* Debug */ = {
			isa = XCBuildConfiguration;
			buildSettings = {
				ALWAYS_SEARCH_USER_PATHS = NO;
				CLANG_ANALYZER_NONNULL = YES;
				CLANG_ANALYZER_NUMBER_OBJECT_CONVERSION = YES_AGGRESSIVE;
				CLANG_CXX_LANGUAGE_STANDARD = "gnu++20";
				CLANG_ENABLE_MODULES = YES;
				CLANG_ENABLE_OBJC_ARC = YES;
				CLANG_ENABLE_OBJC_WEAK = YES;
				CLANG_WARN_BLOCK_CAPTURE_AUTORELEASING = YES;
				CLANG_WARN_BOOL_CONVERSION = YES;
				CLANG_WARN_COMMA = YES;
				CLANG_WARN_CONSTANT_CONVERSION = YES;
				CLANG_WARN_DEPRECATED_OBJC_IMPLEMENTATIONS = YES;
				CLANG_WARN_DIRECT_OBJC_ISA_USAGE = YES_ERROR;
				CLANG_WARN_DOCUMENTATION_COMMENTS = YES;
				CLANG_WARN_EMPTY_BODY = YES;
				CLANG_WARN_ENUM_CONVERSION = YES;
				CLANG_WARN_INFINITE_RECURSION = YES;
				CLANG_WARN_INT_CONVERSION = YES;
				CLANG_WARN_NON_LITERAL_NULL_CONVERSION = YES;
				CLANG_WARN_OBJC_IMPLICIT_RETAIN_SELF = YES;
				CLANG_WARN_OBJC_LITERAL_CONVERSION = YES;
				CLANG_WARN_OBJC_ROOT_CLASS = YES_ERROR;
				CLANG_WARN_QUOTED_INCLUDE_IN_FRAMEWORK_HEADER = YES;
				CLANG_WARN_RANGE_LOOP_ANALYSIS = YES;
				CLANG_WARN_STRICT_PROTOTYPES = YES;
				CLANG_WARN_SUSPICIOUS_MOVE = YES;
				CLANG_WARN_UNGUARDED_AVAILABILITY = YES_AGGRESSIVE;
				CLANG_WARN_UNREACHABLE_CODE = YES;
				CLANG_WARN__DUPLICATE_METHOD_MATCH = YES;
				COPY_PHASE_STRIP = NO;
				DEBUG_INFORMATION_FORMAT = dwarf;
				ENABLE_STRICT_OBJC_MSGSEND = YES;
				ENABLE_TESTABILITY = YES;
				GCC_C_LANGUAGE_STANDARD = gnu11;
				GCC_DYNAMIC_NO_PIC = NO;
				GCC_NO_COMMON_BLOCKS = YES;
				GCC_OPTIMIZATION_LEVEL = 0;
				GCC_PREPROCESSOR_DEFINITIONS = (
					"DEBUG=1",
					"$(inherited)",
				);
				GCC_WARN_64_TO_32_BIT_CONVERSION = YES;
				GCC_WARN_ABOUT_RETURN_TYPE = YES_ERROR;
				GCC_WARN_UNDECLARED_SELECTOR = YES;
				GCC_WARN_UNINITIALIZED_AUTOS = YES_AGGRESSIVE;
				GCC_WARN_UNUSED_FUNCTION = YES;
				GCC_WARN_UNUSED_VARIABLE = YES;
				IPHONEOS_DEPLOYMENT_TARGET = 16.2;
				MTL_ENABLE_DEBUG_INFO = INCLUDE_SOURCE;
				MTL_FAST_MATH = YES;
				ONLY_ACTIVE_ARCH = YES;
				SDKROOT = iphoneos;
				SWIFT_ACTIVE_COMPILATION_CONDITIONS = DEBUG;
				SWIFT_OPTIMIZATION_LEVEL = "-Onone";
			};
			name = Debug;
		};
		049820C02BAA8B9E00E667FF /* Release */ = {
			isa = XCBuildConfiguration;
			buildSettings = {
				ALWAYS_SEARCH_USER_PATHS = NO;
				CLANG_ANALYZER_NONNULL = YES;
				CLANG_ANALYZER_NUMBER_OBJECT_CONVERSION = YES_AGGRESSIVE;
				CLANG_CXX_LANGUAGE_STANDARD = "gnu++20";
				CLANG_ENABLE_MODULES = YES;
				CLANG_ENABLE_OBJC_ARC = YES;
				CLANG_ENABLE_OBJC_WEAK = YES;
				CLANG_WARN_BLOCK_CAPTURE_AUTORELEASING = YES;
				CLANG_WARN_BOOL_CONVERSION = YES;
				CLANG_WARN_COMMA = YES;
				CLANG_WARN_CONSTANT_CONVERSION = YES;
				CLANG_WARN_DEPRECATED_OBJC_IMPLEMENTATIONS = YES;
				CLANG_WARN_DIRECT_OBJC_ISA_USAGE = YES_ERROR;
				CLANG_WARN_DOCUMENTATION_COMMENTS = YES;
				CLANG_WARN_EMPTY_BODY = YES;
				CLANG_WARN_ENUM_CONVERSION = YES;
				CLANG_WARN_INFINITE_RECURSION = YES;
				CLANG_WARN_INT_CONVERSION = YES;
				CLANG_WARN_NON_LITERAL_NULL_CONVERSION = YES;
				CLANG_WARN_OBJC_IMPLICIT_RETAIN_SELF = YES;
				CLANG_WARN_OBJC_LITERAL_CONVERSION = YES;
				CLANG_WARN_OBJC_ROOT_CLASS = YES_ERROR;
				CLANG_WARN_QUOTED_INCLUDE_IN_FRAMEWORK_HEADER = YES;
				CLANG_WARN_RANGE_LOOP_ANALYSIS = YES;
				CLANG_WARN_STRICT_PROTOTYPES = YES;
				CLANG_WARN_SUSPICIOUS_MOVE = YES;
				CLANG_WARN_UNGUARDED_AVAILABILITY = YES_AGGRESSIVE;
				CLANG_WARN_UNREACHABLE_CODE = YES;
				CLANG_WARN__DUPLICATE_METHOD_MATCH = YES;
				COPY_PHASE_STRIP = NO;
				DEBUG_INFORMATION_FORMAT = "dwarf-with-dsym";
				ENABLE_NS_ASSERTIONS = NO;
				ENABLE_STRICT_OBJC_MSGSEND = YES;
				GCC_C_LANGUAGE_STANDARD = gnu11;
				GCC_NO_COMMON_BLOCKS = YES;
				GCC_WARN_64_TO_32_BIT_CONVERSION = YES;
				GCC_WARN_ABOUT_RETURN_TYPE = YES_ERROR;
				GCC_WARN_UNDECLARED_SELECTOR = YES;
				GCC_WARN_UNINITIALIZED_AUTOS = YES_AGGRESSIVE;
				GCC_WARN_UNUSED_FUNCTION = YES;
				GCC_WARN_UNUSED_VARIABLE = YES;
				IPHONEOS_DEPLOYMENT_TARGET = 16.2;
				MTL_ENABLE_DEBUG_INFO = NO;
				MTL_FAST_MATH = YES;
				SDKROOT = iphoneos;
				SWIFT_COMPILATION_MODE = wholemodule;
				SWIFT_OPTIMIZATION_LEVEL = "-O";
				VALIDATE_PRODUCT = YES;
			};
			name = Release;
		};
		049820C22BAA8B9E00E667FF /* Debug */ = {
			isa = XCBuildConfiguration;
			baseConfigurationReference = 576CF5919F1D8F498260AD24 /* Pods-PoeticTime.debug.xcconfig */;
			buildSettings = {
				ASSETCATALOG_COMPILER_APPICON_NAME = AppIcon;
				ASSETCATALOG_COMPILER_GLOBAL_ACCENT_COLOR_NAME = AccentColor;
				CODE_SIGN_STYLE = Automatic;
				CURRENT_PROJECT_VERSION = 1;
				DEVELOPMENT_TEAM = 3QQ3H2NRD9;
				GENERATE_INFOPLIST_FILE = YES;
				INFOPLIST_FILE = PoeticTime/Info.plist;
				INFOPLIST_KEY_UIApplicationSupportsIndirectInputEvents = YES;
				INFOPLIST_KEY_UILaunchStoryboardName = LaunchScreen;
				INFOPLIST_KEY_UIMainStoryboardFile = Main;
				INFOPLIST_KEY_UISupportedInterfaceOrientations_iPad = "UIInterfaceOrientationPortrait UIInterfaceOrientationPortraitUpsideDown UIInterfaceOrientationLandscapeLeft UIInterfaceOrientationLandscapeRight";
				INFOPLIST_KEY_UISupportedInterfaceOrientations_iPhone = "UIInterfaceOrientationPortrait UIInterfaceOrientationLandscapeLeft UIInterfaceOrientationLandscapeRight";
				LD_RUNPATH_SEARCH_PATHS = (
					"$(inherited)",
					"@executable_path/Frameworks",
				);
				MARKETING_VERSION = 1.0;
				PRODUCT_BUNDLE_IDENTIFIER = com.TMYLYH.PoeticTime;
				PRODUCT_NAME = "$(TARGET_NAME)";
				SWIFT_EMIT_LOC_STRINGS = YES;
				SWIFT_OBJC_BRIDGING_HEADER = /Users/mac/Desktop/PoeticTime/PoeticTime/Header.h;
				SWIFT_VERSION = 5.0;
				TARGETED_DEVICE_FAMILY = "1,2";
			};
			name = Debug;
		};
		049820C32BAA8B9E00E667FF /* Release */ = {
			isa = XCBuildConfiguration;
			baseConfigurationReference = E0B41D80515927CD444C896D /* Pods-PoeticTime.release.xcconfig */;
			buildSettings = {
				ASSETCATALOG_COMPILER_APPICON_NAME = AppIcon;
				ASSETCATALOG_COMPILER_GLOBAL_ACCENT_COLOR_NAME = AccentColor;
				CODE_SIGN_STYLE = Automatic;
				CURRENT_PROJECT_VERSION = 1;
				DEVELOPMENT_TEAM = 3QQ3H2NRD9;
				GENERATE_INFOPLIST_FILE = YES;
				INFOPLIST_FILE = PoeticTime/Info.plist;
				INFOPLIST_KEY_UIApplicationSupportsIndirectInputEvents = YES;
				INFOPLIST_KEY_UILaunchStoryboardName = LaunchScreen;
				INFOPLIST_KEY_UIMainStoryboardFile = Main;
				INFOPLIST_KEY_UISupportedInterfaceOrientations_iPad = "UIInterfaceOrientationPortrait UIInterfaceOrientationPortraitUpsideDown UIInterfaceOrientationLandscapeLeft UIInterfaceOrientationLandscapeRight";
				INFOPLIST_KEY_UISupportedInterfaceOrientations_iPhone = "UIInterfaceOrientationPortrait UIInterfaceOrientationLandscapeLeft UIInterfaceOrientationLandscapeRight";
				LD_RUNPATH_SEARCH_PATHS = (
					"$(inherited)",
					"@executable_path/Frameworks",
				);
				MARKETING_VERSION = 1.0;
				PRODUCT_BUNDLE_IDENTIFIER = com.TMYLYH.PoeticTime;
				PRODUCT_NAME = "$(TARGET_NAME)";
				SWIFT_EMIT_LOC_STRINGS = YES;
				SWIFT_OBJC_BRIDGING_HEADER = /Users/mac/Desktop/PoeticTime/PoeticTime/Header.h;
				SWIFT_VERSION = 5.0;
				TARGETED_DEVICE_FAMILY = "1,2";
			};
			name = Release;
		};
/* End XCBuildConfiguration section */

/* Begin XCConfigurationList section */
		049820A52BAA8B9C00E667FF /* Build configuration list for PBXProject "PoeticTime" */ = {
			isa = XCConfigurationList;
			buildConfigurations = (
				049820BF2BAA8B9E00E667FF /* Debug */,
				049820C02BAA8B9E00E667FF /* Release */,
			);
			defaultConfigurationIsVisible = 0;
			defaultConfigurationName = Release;
		};
		049820C12BAA8B9E00E667FF /* Build configuration list for PBXNativeTarget "PoeticTime" */ = {
			isa = XCConfigurationList;
			buildConfigurations = (
				049820C22BAA8B9E00E667FF /* Debug */,
				049820C32BAA8B9E00E667FF /* Release */,
			);
			defaultConfigurationIsVisible = 0;
			defaultConfigurationName = Release;
		};
/* End XCConfigurationList section */

/* Begin XCVersionGroup section */
		049820B62BAA8B9C00E667FF /* PoeticTime.xcdatamodeld */ = {
			isa = XCVersionGroup;
			children = (
				049820B72BAA8B9C00E667FF /* PoeticTime.xcdatamodel */,
			);
			currentVersion = 049820B72BAA8B9C00E667FF /* PoeticTime.xcdatamodel */;
			path = PoeticTime.xcdatamodeld;
			sourceTree = "<group>";
			versionGroupType = wrapper.xcdatamodel;
		};
/* End XCVersionGroup section */
	};
	rootObject = 049820A22BAA8B9C00E667FF /* Project object */;
}
